<?xml version="1.0" encoding="utf-8"?>
<Project ToolsVersion="4.0" xmlns="http://schemas.microsoft.com/developer/msbuild/2003">
  <ItemGroup>
    <Filter Include="Classes and Modules">
      <UniqueIdentifier>{c05421e2-33ae-4f94-abcf-3c78d72fdc13}</UniqueIdentifier>
    </Filter>
    <Filter Include="Classes and Modules\SHA1">
      <UniqueIdentifier>{97a98503-4b11-48a9-95cc-89460bda6e81}</UniqueIdentifier>
    </Filter>
    <Filter Include="Classes and Modules\CDistribution">
      <UniqueIdentifier>{b4875398-d99c-4d31-9212-811f8e503812}</UniqueIdentifier>
    </Filter>
    <Filter Include="Classes and Modules\NSWFL">
      <UniqueIdentifier>{66bb228c-3626-4186-9b9c-2af99e2ccd96}</UniqueIdentifier>
    </Filter>
    <Filter Include="Source">
      <UniqueIdentifier>{fa918736-c495-44b2-aafb-f6eebf830145}</UniqueIdentifier>
    </Filter>
    <Filter Include="Resources">
      <UniqueIdentifier>{02f22448-14b1-41f5-b73f-1a5e2bb47305}</UniqueIdentifier>
    </Filter>
  </ItemGroup>
  <ItemGroup>
    <ClCompile Include="..\NTDLSLibs\CSHA1\CSHA1.cpp">
      <Filter>Classes and Modules\SHA1</Filter>
    </ClCompile>
    <ClCompile Include="Source\CDistribution.cpp">
      <Filter>Classes and Modules\CDistribution</Filter>
    </ClCompile>
    <ClCompile Include="Source\Entry.Cpp">
      <Filter>Source</Filter>
    </ClCompile>
    <ClCompile Include="Source\Init.Cpp">
      <Filter>Source</Filter>
    </ClCompile>
    <ClCompile Include="..\NTDLSLibs\NSWFL\NSWFL_Conversion.Cpp">
      <Filter>Classes and Modules\NSWFL</Filter>
    </ClCompile>
    <ClCompile Include="..\NTDLSLibs\NSWFL\NSWFL_DateTime.Cpp">
      <Filter>Classes and Modules\NSWFL</Filter>
    </ClCompile>
    <ClCompile Include="..\NTDLSLibs\NSWFL\NSWFL_File.Cpp">
      <Filter>Classes and Modules\NSWFL</Filter>
    </ClCompile>
    <ClCompile Include="..\NTDLSLibs\NSWFL\NSWFL_KeyGeneration.Cpp">
      <Filter>Classes and Modules\NSWFL</Filter>
    </ClCompile>
    <ClCompile Include="..\NTDLSLibs\NSWFL\NSWFL_ListBox.Cpp">
      <Filter>Classes and Modules\NSWFL</Filter>
    </ClCompile>
    <ClCompile Include="..\NTDLSLibs\NSWFL\NSWFL_ListView.Cpp">
      <Filter>Classes and Modules\NSWFL</Filter>
    </ClCompile>
    <ClCompile Include="..\NTDLSLibs\NSWFL\NSWFL_Math.Cpp">
      <Filter>Classes and Modules\NSWFL</Filter>
    </ClCompile>
    <ClCompile Include="..\NTDLSLibs\NSWFL\NSWFL_Memory.Cpp">
      <Filter>Classes and Modules\NSWFL</Filter>
    </ClCompile>
    <ClCompile Include="..\NTDLSLibs\NSWFL\NSWFL_Menu.Cpp">
      <Filter>Classes and Modules\NSWFL</Filter>
    </ClCompile>
    <ClCompile Include="..\NTDLSLibs\NSWFL\NSWFL_Registry.Cpp">
      <Filter>Classes and Modules\NSWFL</Filter>
    </ClCompile>
    <ClCompile Include="..\NTDLSLibs\NSWFL\NSWFL_String.Cpp">
      <Filter>Classes and Modules\NSWFL</Filter>
    </ClCompile>
    <ClCompile Include="..\NTDLSLibs\NSWFL\NSWFL_System.Cpp">
      <Filter>Classes and Modules\NSWFL</Filter>
    </ClCompile>
    <ClCompile Include="..\NTDLSLibs\NSWFL\NSWFL_Types.Cpp">
      <Filter>Classes and Modules\NSWFL</Filter>
    </ClCompile>
    <ClCompile Include="..\NTDLSLibs\NSWFL\NSWFL_Windows.Cpp">
      <Filter>Classes and Modules\NSWFL</Filter>
    </ClCompile>
  </ItemGroup>
  <ItemGroup>
    <ClInclude Include="..\NTDLSLibs\CSHA1\CSHA1.h">
      <Filter>Classes and Modules\SHA1</Filter>
    </ClInclude>
    <ClInclude Include="Source\CDistribution.H">
      <Filter>Classes and Modules\CDistribution</Filter>
    </ClInclude>
    <ClInclude Include="Source\Entry.H">
      <Filter>Source</Filter>
    </ClInclude>
    <ClInclude Include="Source\Init.H">
      <Filter>Source</Filter>
    </ClInclude>
    <ClInclude Include="Resources\resource.h">
      <Filter>Resources</Filter>
    </ClInclude>
    <ClInclude Include="..\NTDLSLibs\NSWFL\NSWFL.h">
      <Filter>Classes and Modules\NSWFL</Filter>
    </ClInclude>
    <ClInclude Include="..\NTDLSLibs\NSWFL\NSWFL_Conversion.H">
      <Filter>Classes and Modules\NSWFL</Filter>
    </ClInclude>
    <ClInclude Include="..\NTDLSLibs\NSWFL\NSWFL_DateTime.H">
      <Filter>Classes and Modules\NSWFL</Filter>
    </ClInclude>
    <ClInclude Include="..\NTDLSLibs\NSWFL\NSWFL_File.H">
      <Filter>Classes and Modules\NSWFL</Filter>
    </ClInclude>
    <ClInclude Include="..\NTDLSLibs\NSWFL\NSWFL_KeyGeneration.H">
      <Filter>Classes and Modules\NSWFL</Filter>
    </ClInclude>
    <ClInclude Include="..\NTDLSLibs\NSWFL\NSWFL_ListBox.H">
      <Filter>Classes and Modules\NSWFL</Filter>
    </ClInclude>
    <ClInclude Include="..\NTDLSLibs\NSWFL\NSWFL_ListView.H">
      <Filter>Classes and Modules\NSWFL</Filter>
    </ClInclude>
    <ClInclude Include="..\NTDLSLibs\NSWFL\NSWFL_Math.H">
      <Filter>Classes and Modules\NSWFL</Filter>
    </ClInclude>
    <ClInclude Include="..\NTDLSLibs\NSWFL\NSWFL_Memory.H">
      <Filter>Classes and Modules\NSWFL</Filter>
    </ClInclude>
    <ClInclude Include="..\NTDLSLibs\NSWFL\NSWFL_Menu.H">
      <Filter>Classes and Modules\NSWFL</Filter>
    </ClInclude>
    <ClInclude Include="..\NTDLSLibs\NSWFL\NSWFL_Registry.H">
      <Filter>Classes and Modules\NSWFL</Filter>
    </ClInclude>
    <ClInclude Include="..\NTDLSLibs\NSWFL\NSWFL_String.H">
      <Filter>Classes and Modules\NSWFL</Filter>
    </ClInclude>
    <ClInclude Include="..\NTDLSLibs\NSWFL\NSWFL_System.H">
      <Filter>Classes and Modules\NSWFL</Filter>
    </ClInclude>
    <ClInclude Include="..\NTDLSLibs\NSWFL\NSWFL_Types.H">
      <Filter>Classes and Modules\NSWFL</Filter>
    </ClInclude>
    <ClInclude Include="..\NTDLSLibs\NSWFL\NSWFL_Windows.H">
      <Filter>Classes and Modules\NSWFL</Filter>
    </ClInclude>
  </ItemGroup>
  <ItemGroup>
    <None Include="Resources\MainIcon.ico">
      <Filter>Resources</Filter>
    </None>
  </ItemGroup>
  <ItemGroup>
    <ResourceCompile Include="Resources\Resource.rc">
      <Filter>Resources</Filter>
    </ResourceCompile>
  </ItemGroup>
</Project>